
Microsoft Visual Studio Solution File, Format Version 12.00
# Visual Studio Version 17
VisualStudioVersion = 17.4.33205.214
MinimumVisualStudioVersion = 10.0.40219.1
Project("{888888A0-9F3D-457C-B088-3A5042F75D52}") = "SP_500_Project", "SP_500_Project.pyproj", "{B3690B76-E07D-408B-9A3E-4F649507D96F}"
EndProject
Global
	GlobalSection(SolutionConfigurationPlatforms) = preSolution
		Debug|Any CPU = Debug|Any CPU
		Release|Any CPU = Release|Any CPU
	EndGlobalSection
	GlobalSection(ProjectConfigurationPlatforms) = postSolution
		{B3690B76-E07D-408B-9A3E-4F649507D96F}.Debug|Any CPU.ActiveCfg = Debug|Any CPU
		{B3690B76-E07D-408B-9A3E-4F649507D96F}.Release|Any CPU.ActiveCfg = Release|Any CPU
	EndGlobalSection
	GlobalSection(SolutionProperties) = preSolution
		HideSolutionNode = FALSE
	EndGlobalSection
	GlobalSection(ExtensibilityGlobals) = postSolution
		SolutionGuid = {096B1623-2B34-4B45-A431-E3C99B1DBE24}
	EndGlobalSection
EndGlobal
